{
    "version": 4,
    "terraform_version": "1.9.6",
    "serial": 53,
    "lineage": "b13dc9f8-7549-542a-85fd-878addd98cf2",
    "outputs": {
      "eks_cluster_autoscaler_arn": {
        "value": "arn:aws:iam::730335305826:role/eks-cluster-autoscaler",
        "type": "string"
      },
      "test_policy_arn": {
        "value": "arn:aws:iam::730335305826:role/test-oidc",
        "type": "string"
      }
    },
    "resources": [
      {
        "mode": "data",
        "type": "aws_iam_policy_document",
        "name": "eks_cluster_autoscaler_assume_role_policy",
        "provider": "provider[\"registry.terraform.io/hashicorp/aws\"]",
        "instances": [
          {
            "schema_version": 0,
            "attributes": {
              "id": "2061418333",
              "json": "{\n  \"Version\": \"2012-10-17\",\n  \"Statement\": [\n    {\n      \"Sid\": \"\",\n      \"Effect\": \"Allow\",\n      \"Action\": \"sts:AssumeRoleWithWebIdentity\",\n      \"Principal\": {\n        \"Federated\": \"arn:aws:iam::730335305826:oidc-provider/oidc.eks.us-east-1.amazonaws.com/id/638FB8311470B32917B7A2B8A290A8E4\"\n      },\n      \"Condition\": {\n        \"StringEquals\": {\n          \"oidc.eks.us-east-1.amazonaws.com/id/638FB8311470B32917B7A2B8A290A8E4:sub\": \"system:serviceaccount:kube-system:cluster-autoscaler\"\n        }\n      }\n    }\n  ]\n}",
              "override_json": null,
              "override_policy_documents": null,
              "policy_id": null,
              "source_json": null,
              "source_policy_documents": null,
              "statement": [
                {
                  "actions": [
                    "sts:AssumeRoleWithWebIdentity"
                  ],
                  "condition": [
                    {
                      "test": "StringEquals",
                      "values": [
                        "system:serviceaccount:kube-system:cluster-autoscaler"
                      ],
                      "variable": "oidc.eks.us-east-1.amazonaws.com/id/638FB8311470B32917B7A2B8A290A8E4:sub"
                    }
                  ],
                  "effect": "Allow",
                  "not_actions": [],
                  "not_principals": [],
                  "not_resources": [],
                  "principals": [
                    {
                      "identifiers": [
                        "arn:aws:iam::730335305826:oidc-provider/oidc.eks.us-east-1.amazonaws.com/id/638FB8311470B32917B7A2B8A290A8E4"
                      ],
                      "type": "Federated"
                    }
                  ],
                  "resources": [],
                  "sid": ""
                }
              ],
              "version": "2012-10-17"
            },
            "sensitive_attributes": []
          }
        ]
      },
      {
        "mode": "data",
        "type": "aws_iam_policy_document",
        "name": "test_oidc_assume_role_policy",
        "provider": "provider[\"registry.terraform.io/hashicorp/aws\"]",
        "instances": [
          {
            "schema_version": 0,
            "attributes": {
              "id": "264341938",
              "json": "{\n  \"Version\": \"2012-10-17\",\n  \"Statement\": [\n    {\n      \"Sid\": \"\",\n      \"Effect\": \"Allow\",\n      \"Action\": \"sts:AssumeRoleWithWebIdentity\",\n      \"Principal\": {\n        \"Federated\": \"arn:aws:iam::730335305826:oidc-provider/oidc.eks.us-east-1.amazonaws.com/id/638FB8311470B32917B7A2B8A290A8E4\"\n      },\n      \"Condition\": {\n        \"StringEquals\": {\n          \"oidc.eks.us-east-1.amazonaws.com/id/638FB8311470B32917B7A2B8A290A8E4:sub\": \"system:serviceaccount:default:aws-test\"\n        }\n      }\n    }\n  ]\n}",
              "override_json": null,
              "override_policy_documents": null,
              "policy_id": null,
              "source_json": null,
              "source_policy_documents": null,
              "statement": [
                {
                  "actions": [
                    "sts:AssumeRoleWithWebIdentity"
                  ],
                  "condition": [
                    {
                      "test": "StringEquals",
                      "values": [
                        "system:serviceaccount:default:aws-test"
                      ],
                      "variable": "oidc.eks.us-east-1.amazonaws.com/id/638FB8311470B32917B7A2B8A290A8E4:sub"
                    }
                  ],
                  "effect": "Allow",
                  "not_actions": [],
                  "not_principals": [],
                  "not_resources": [],
                  "principals": [
                    {
                      "identifiers": [
                        "arn:aws:iam::730335305826:oidc-provider/oidc.eks.us-east-1.amazonaws.com/id/638FB8311470B32917B7A2B8A290A8E4"
                      ],
                      "type": "Federated"
                    }
                  ],
                  "resources": [],
                  "sid": ""
                }
              ],
              "version": "2012-10-17"
            },
            "sensitive_attributes": []
          }
        ]
      },
      {
        "mode": "data",
        "type": "tls_certificate",
        "name": "eks",
        "provider": "provider[\"registry.terraform.io/hashicorp/tls\"]",
        "instances": [
          {
            "schema_version": 0,
            "attributes": {
              "certificates": [
                {
                  "cert_pem": "-----BEGIN CERTIFICATE-----\nMIIEdTCCA12gAwIBAgIJAKcOSkw0grd/MA0GCSqGSIb3DQEBCwUAMGgxCzAJBgNV\nBAYTAlVTMSUwIwYDVQQKExxTdGFyZmllbGQgVGVjaG5vbG9naWVzLCBJbmMuMTIw\nMAYDVQQLEylTdGFyZmllbGQgQ2xhc3MgMiBDZXJ0aWZpY2F0aW9uIEF1dGhvcml0\neTAeFw0wOTA5MDIwMDAwMDBaFw0zNDA2MjgxNzM5MTZaMIGYMQswCQYDVQQGEwJV\nUzEQMA4GA1UECBMHQXJpem9uYTETMBEGA1UEBxMKU2NvdHRzZGFsZTElMCMGA1UE\nChMcU3RhcmZpZWxkIFRlY2hub2xvZ2llcywgSW5jLjE7MDkGA1UEAxMyU3RhcmZp\nZWxkIFNlcnZpY2VzIFJvb3QgQ2VydGlmaWNhdGUgQXV0aG9yaXR5IC0gRzIwggEi\nMA0GCSqGSIb3DQEBAQUAA4IBDwAwggEKAoIBAQDVDDrEKvlO4vW+GZdfjohTsR8/\ny8+fIBNtKTrID30892t2OGPZNmCom15cAICyL1l/9of5JUOG52kbUpqQ4XHj2C0N\nTm/2yEnZtvMaVq4rtnQU68/7JuMauh2WLmo7WJSJR1b/JaCTcFOD2oR0FMNnngRo\nOt+OQFodSk7PQ5E751bWAHDLUu57fa4657wx+UX2wmDPE1kCK4DMNEffud6QZW0C\nzyyRpqbn3oUYSXxmTqM6bam17jQuug0DuDPfR+uxa40l2ZvOgdFFRjKWcIfeAg5J\nQ4W2bHO7ZOphQazJ1FTfhy/HIrImzJ9ZVGif/L4qL8RVHHVAYBeFAlU5i38FAgMB\nAAGjgfAwge0wDwYDVR0TAQH/BAUwAwEB/zAOBgNVHQ8BAf8EBAMCAYYwHQYDVR0O\nBBYEFJxfAN+qAdcwKziIorhtSpzyEZGDMB8GA1UdIwQYMBaAFL9ft9HO3R+G9FtV\nrNzXEMIOqYjnME8GCCsGAQUFBwEBBEMwQTAcBggrBgEFBQcwAYYQaHR0cDovL28u\nc3MyLnVzLzAhBggrBgEFBQcwAoYVaHR0cDovL3guc3MyLnVzL3guY2VyMCYGA1Ud\nHwQfMB0wG6AZoBeGFWh0dHA6Ly9zLnNzMi51cy9yLmNybDARBgNVHSAECjAIMAYG\nBFUdIAAwDQYJKoZIhvcNAQELBQADggEBACMd44pXyn3pF3lM8R5V/cxTbj5HD9/G\nVfKyBDbtgB9TxF00KGu+x1X8Z+rLP3+QsjPNG1gQggL4+C/1E2DUBc7xgQjB3ad1\nl08YuW3e95ORCLp+QCztweq7dp4zBncdDQh/U90bZKuCJ/Fp1U1ervShw3WnWEQt\n8jxwmKy6abaVd38PMV4s/KCHOkdp8Hlf9BRUpJVeEXgSYCfOn8J3/yNTd126/+pZ\n59vPr5KW7ySaNRB6nJHGDn2Z9j8Z3/VyVOEVqQdZe4O/Ui5GjLIAZHYcSNPYeehu\nVsyuLAOQ1xk4meTKCRlb/weWsKh/NEnfVqn3sF/tM+2MR7cwA130A4w=\n-----END CERTIFICATE-----\n",
                  "is_ca": true,
                  "issuer": "OU=Starfield Class 2 Certification Authority,O=Starfield Technologies\\, Inc.,C=US",
                  "not_after": "2034-06-28T17:39:16Z",
                  "not_before": "2009-09-02T00:00:00Z",
                  "public_key_algorithm": "RSA",
                  "serial_number": "12037640545166866303",
                  "sha1_fingerprint": "9e99a48a9960b14926bb7f3b02e22da2b0ab7280",
                  "signature_algorithm": "SHA256-RSA",
                  "subject": "CN=Starfield Services Root Certificate Authority - G2,O=Starfield Technologies\\, Inc.,L=Scottsdale,ST=Arizona,C=US",
                  "version": 3
                },
                {
                  "cert_pem": "-----BEGIN CERTIFICATE-----\nMIIEkjCCA3qgAwIBAgITBn+USionzfP6wq4rAfkI7rnExjANBgkqhkiG9w0BAQsF\nADCBmDELMAkGA1UEBhMCVVMxEDAOBgNVBAgTB0FyaXpvbmExEzARBgNVBAcTClNj\nb3R0c2RhbGUxJTAjBgNVBAoTHFN0YXJmaWVsZCBUZWNobm9sb2dpZXMsIEluYy4x\nOzA5BgNVBAMTMlN0YXJmaWVsZCBTZXJ2aWNlcyBSb290IENlcnRpZmljYXRlIEF1\ndGhvcml0eSAtIEcyMB4XDTE1MDUyNTEyMDAwMFoXDTM3MTIzMTAxMDAwMFowOTEL\nMAkGA1UEBhMCVVMxDzANBgNVBAoTBkFtYXpvbjEZMBcGA1UEAxMQQW1hem9uIFJv\nb3QgQ0EgMTCCASIwDQYJKoZIhvcNAQEBBQADggEPADCCAQoCggEBALJ4gHHKeNXj\nca9HgFB0fW7Y14h29Jlo91ghYPl0hAEvrAIthtOgQ3pOsqTQNroBvo3bSMgHFzZM\n9O6II8c+6zf1tRn4SWiw3te5djgdYZ6k/oI2peVKVuRF4fn9tBb6dNqcmzU5L/qw\nIFAGbHrQgLKm+a/sRxmPUDgH3KKHOVj4utWp+UhnMJbulHheb4mjUcAwhmahRWa6\nVOujw5H5SNz/0egwLX0tdHA114gk957EWW67c4cX8jJGKLhD+rcdqsq08p8kDi1L\n93FcXmn/6pUCyziKrlA4b9v7LWIbxcceVOF34GfID5yHI9Y/QCB/IIDEgEw+OyQm\njgSubJrIqg0CAwEAAaOCATEwggEtMA8GA1UdEwEB/wQFMAMBAf8wDgYDVR0PAQH/\nBAQDAgGGMB0GA1UdDgQWBBSEGMyFNOy8DJSULghZnMeyEE4KCDAfBgNVHSMEGDAW\ngBScXwDfqgHXMCs4iKK4bUqc8hGRgzB4BggrBgEFBQcBAQRsMGowLgYIKwYBBQUH\nMAGGImh0dHA6Ly9vY3NwLnJvb3RnMi5hbWF6b250cnVzdC5jb20wOAYIKwYBBQUH\nMAKGLGh0dHA6Ly9jcnQucm9vdGcyLmFtYXpvbnRydXN0LmNvbS9yb290ZzIuY2Vy\nMD0GA1UdHwQ2MDQwMqAwoC6GLGh0dHA6Ly9jcmwucm9vdGcyLmFtYXpvbnRydXN0\nLmNvbS9yb290ZzIuY3JsMBEGA1UdIAQKMAgwBgYEVR0gADANBgkqhkiG9w0BAQsF\nAAOCAQEAYjdCXLwQtT6LLOkMm2xF4gcAevnFWAu5CIw+7bMlPLVvUOTNNWqnkzSW\nMiGpSESrnO09tKpzbeR/FoCJbM8oAxiDR3mjEH4wW6w7sGDgd9QIpuEdfF7Au/ma\neyKdpwAJfqxGF4PcnCZXmTA5YpaP7dreqsXMGz7KQ2hsVxa81Q4gLv7/wmpdLqBK\nbRRYh5TmOTFffHPLkIhqhBGWJ6bt2YFGpn6jcgAKUj6DiAdjd4lpFw85hdKrCEVN\n0FE6/V1dN2RMfjCyVSRCnTawXZwXgWHxyvkQAiSr6w10kY17RSlQOYiypok1JR4U\nakcjMS9cmvqtmg5iUaQqqcT5NJ0hGA==\n-----END CERTIFICATE-----\n",
                  "is_ca": true,
                  "issuer": "CN=Starfield Services Root Certificate Authority - G2,O=Starfield Technologies\\, Inc.,L=Scottsdale,ST=Arizona,C=US",
                  "not_after": "2037-12-31T01:00:00Z",
                  "not_before": "2015-05-25T12:00:00Z",
                  "public_key_algorithm": "RSA",
                  "serial_number": "144918191876577076464031512351042010504348870",
                  "sha1_fingerprint": "06b25927c42a721631c1efd9431e648fa62e1e39",
                  "signature_algorithm": "SHA256-RSA",
                  "subject": "CN=Amazon Root CA 1,O=Amazon,C=US",
                  "version": 3
                },
                {
                  "cert_pem": "-----BEGIN CERTIFICATE-----\nMIIEXjCCA0agAwIBAgITB3MSSkvL1E7HtTvq8ZSELToPoTANBgkqhkiG9w0BAQsF\nADA5MQswCQYDVQQGEwJVUzEPMA0GA1UEChMGQW1hem9uMRkwFwYDVQQDExBBbWF6\nb24gUm9vdCBDQSAxMB4XDTIyMDgyMzIyMjUzMFoXDTMwMDgyMzIyMjUzMFowPDEL\nMAkGA1UEBhMCVVMxDzANBgNVBAoTBkFtYXpvbjEcMBoGA1UEAxMTQW1hem9uIFJT\nQSAyMDQ4IE0wMjCCASIwDQYJKoZIhvcNAQEBBQADggEPADCCAQoCggEBALtDGMZa\nqHneKei1by6+pUPPLljTB143Si6VpEWPc6mSkFhZb/6qrkZyoHlQLbDYnI2D7hD0\nsdzEqfnuAjIsuXQLG3A8TvX6V3oFNBFVe8NlLJHvBseKY88saLwufxkZVwk74g4n\nWlNMXzla9Y5F3wwRHwMVH443xGz6UtGSZSqQ94eFx5X7Tlqt8whi8qCaKdZ5rNak\n+r9nUThOeClqFd4oXych//Rc7Y0eX1KNWHYSI1Nk31mYgiK3JvH063g+K9tHA63Z\neTgKgndlh+WI+zv7i44HepRZjA1FYwYZ9Vv/9UkC5Yz8/yU65fgjaE+wVHM4e/Yy\nC2osrPWE7gJ+dXMCAwEAAaOCAVowggFWMBIGA1UdEwEB/wQIMAYBAf8CAQAwDgYD\nVR0PAQH/BAQDAgGGMB0GA1UdJQQWMBQGCCsGAQUFBwMBBggrBgEFBQcDAjAdBgNV\nHQ4EFgQUwDFSzVpQw4J8dHHOy+mc+XrrguIwHwYDVR0jBBgwFoAUhBjMhTTsvAyU\nlC4IWZzHshBOCggwewYIKwYBBQUHAQEEbzBtMC8GCCsGAQUFBzABhiNodHRwOi8v\nb2NzcC5yb290Y2ExLmFtYXpvbnRydXN0LmNvbTA6BggrBgEFBQcwAoYuaHR0cDov\nL2NydC5yb290Y2ExLmFtYXpvbnRydXN0LmNvbS9yb290Y2ExLmNlcjA/BgNVHR8E\nODA2MDSgMqAwhi5odHRwOi8vY3JsLnJvb3RjYTEuYW1hem9udHJ1c3QuY29tL3Jv\nb3RjYTEuY3JsMBMGA1UdIAQMMAowCAYGZ4EMAQIBMA0GCSqGSIb3DQEBCwUAA4IB\nAQAtTi6Fs0Azfi+iwm7jrz+CSxHH+uHl7Law3MQSXVtR8RV53PtR6r/6gNpqlzdo\nZq4FKbADi1v9Bun8RY8D51uedRfjsbeodizeBB8nXmeyD33Ep7VATj4ozcd31YFV\nfgRhvTSxNrrTlNpWkUk0m3BMPv8sg381HhA6uEYokE5q9uws/3YkKqRiEz3TsaWm\nJqIRZhMbgAfp7O7FUwFIb7UIspogZSKxPIWJpxiPo3TcBambbVtQOcNRWz5qCQdD\nslI2yayq0n2TXoHyNCLEH8rpsJRVILFsg0jc7BaFrMnF462+ajSehgj12IidNeRN\n4zl+EoNaWdpnWndvSpAEkq2P\n-----END CERTIFICATE-----\n",
                  "is_ca": true,
                  "issuer": "CN=Amazon Root CA 1,O=Amazon,C=US",
                  "not_after": "2030-08-23T22:25:30Z",
                  "not_before": "2022-08-23T22:25:30Z",
                  "public_key_algorithm": "RSA",
                  "serial_number": "166129353110899469622597955040406457904926625",
                  "sha1_fingerprint": "414a2060b738c635cc7fc243e052615592830c53",
                  "signature_algorithm": "SHA256-RSA",
                  "subject": "CN=Amazon RSA 2048 M02,O=Amazon,C=US",
                  "version": 3
                },
                {
                  "cert_pem": "-----BEGIN CERTIFICATE-----\nMIIF5TCCBM2gAwIBAgIQCJL9XGbawpZ6IsGGvDqdyDANBgkqhkiG9w0BAQsFADA8\nMQswCQYDVQQGEwJVUzEPMA0GA1UEChMGQW1hem9uMRwwGgYDVQQDExNBbWF6b24g\nUlNBIDIwNDggTTAyMB4XDTI0MDMyODAwMDAwMFoXDTI1MDQyNjIzNTk1OVowKDEm\nMCQGA1UEAwwdKi5la3MudXMtZWFzdC0xLmFtYXpvbmF3cy5jb20wggEiMA0GCSqG\nSIb3DQEBAQUAA4IBDwAwggEKAoIBAQC4iVpgxjgOmMKdC2tYTHa9yzuuLdYCjpC6\nxN1VgI71uTiSxUGf6R3N/Rdk5vjz2COu3fsVgMh6cCpqrPlxU/5uP0/DFfQGdVxB\nbZ4vYRC9jIbgyKmwqOEJMD/9B3iGHz3KpBpnXDcuulqWsCtuuqxjnMLL4h1UdOeA\nPNwhOyQxKMHl+LfrCZeCuehKch+XM/8lhdKgYyLp8o1Nm7IsNG1aN6iNoZ6rxEyU\nVw6fV+pZDaIrxkYf7unQrAfUWR122pXGzWRtv5VGZLjrci8ev4ZpgGViIzb2LOqT\nFm8gde6aURlAm4uMDFzmZ/iOqEV+52vO9Z0E6Yo5M3dJZqQo7uUpAgMBAAGjggL1\nMIIC8TAfBgNVHSMEGDAWgBTAMVLNWlDDgnx0cc7L6Zz5euuC4jAdBgNVHQ4EFgQU\nhG1ZDKa76htLZVXP+E3P3GnYHjEwKAYDVR0RBCEwH4IdKi5la3MudXMtZWFzdC0x\nLmFtYXpvbmF3cy5jb20wEwYDVR0gBAwwCjAIBgZngQwBAgEwDgYDVR0PAQH/BAQD\nAgWgMB0GA1UdJQQWMBQGCCsGAQUFBwMBBggrBgEFBQcDAjA7BgNVHR8ENDAyMDCg\nLqAshipodHRwOi8vY3JsLnIybTAyLmFtYXpvbnRydXN0LmNvbS9yMm0wMi5jcmww\ndQYIKwYBBQUHAQEEaTBnMC0GCCsGAQUFBzABhiFodHRwOi8vb2NzcC5yMm0wMi5h\nbWF6b250cnVzdC5jb20wNgYIKwYBBQUHMAKGKmh0dHA6Ly9jcnQucjJtMDIuYW1h\nem9udHJ1c3QuY29tL3IybTAyLmNlcjAMBgNVHRMBAf8EAjAAMIIBfQYKKwYBBAHW\neQIEAgSCAW0EggFpAWcAdgDPEVbu1S58r/OHW9lpLpvpGnFnSrAX7KwB0lt3zsw7\nCAAAAY6HAoTcAAAEAwBHMEUCIHI392+k5Ds777nM4CwNr+xjjCr49CQ/vHIJDZJX\nokM7AiEA++VPDyyMLijPy0GR8ZBIvAcrYbjfJXTF3GkizeJLVJIAdgB9WR4S4Xgq\nexxhZ3xe/fjQh1wUoE6VnrkDL9kOjC55uAAAAY6HAoTeAAAEAwBHMEUCICBkhMaf\n9gdR3bCbLxXFbHNEXUh7t3P/SxaUKDcE6UmIAiEA25zZ9aBt/mrhDcMc155V8qnw\nadTEqttLdP4XMEmMsPAAdQDm0jFjQHeMwRBBBtdxuc7B0kD2loSG+7qHMh39HjeO\nUAAAAY6HAoTxAAAEAwBGMEQCIFFF4kpqcNgHFzRi2cnL4HbNApZlnlc+Re9IyYXi\nCldqAiBkZUgs12iu2uWGU97VUAICt2+zZkhjUV3i+O3kYh1yrTANBgkqhkiG9w0B\nAQsFAAOCAQEAWY5OxR7rWtYFS09xAYYIHlBF7wdUxQH60zi/IqAHZIRCFI1xHdsJ\n0BUv30lLyiGtVr4DheBo81/IErBRpXmSkdoDJA+5d/Jz3EFtbrVogjESALAgBfSG\nuJX0QLshjyTl9O2r00qkxIhbKmSPSl9JQVxqt2jTaB6pD3SjWX6U+l397Ns1L6pI\nb1418oVo7LeHwEeEx6APMIyjzlfcXdCHA6lVKeiNF8SH+QW+h6ZOpGXJIU6llBjg\nWAhscqrGRj1APpuKWGVkVCweAjIOcEuWV8Fqmfp1h9jmeUkG6SoBifrl41PvhK0o\nqQ3LlAF6Op6n7JLa2rlXkf6LienZDVlSuQ==\n-----END CERTIFICATE-----\n",
                  "is_ca": false,
                  "issuer": "CN=Amazon RSA 2048 M02,O=Amazon,C=US",
                  "not_after": "2025-04-26T23:59:59Z",
                  "not_before": "2024-03-28T00:00:00Z",
                  "public_key_algorithm": "RSA",
                  "serial_number": "11397038078078022747295509550808604104",
                  "sha1_fingerprint": "9451ad2b53c7f41fab22886cc07d482085336561",
                  "signature_algorithm": "SHA256-RSA",
                  "subject": "CN=*.eks.us-east-1.amazonaws.com",
                  "version": 3
                }
              ],
              "content": null,
              "id": "99d41e43229a4cdaf4141f3e8310e6d95c31dab9",
              "url": "https://oidc.eks.us-east-1.amazonaws.com/id/638FB8311470B32917B7A2B8A290A8E4",
              "verify_chain": true
            },
            "sensitive_attributes": []
          }
        ]
      },
      {
        "mode": "managed",
        "type": "aws_eip",
        "name": "nat",
        "provider": "provider[\"registry.terraform.io/hashicorp/aws\"]",
        "instances": [
          {
            "schema_version": 0,
            "attributes": {
              "address": null,
              "allocation_id": "eipalloc-036b8dfadc171df1f",
              "associate_with_private_ip": null,
              "association_id": "eipassoc-08887b5d0d274fb0e",
              "carrier_ip": "",
              "customer_owned_ip": "",
              "customer_owned_ipv4_pool": "",
              "domain": "vpc",
              "id": "eipalloc-036b8dfadc171df1f",
              "instance": "",
              "network_border_group": "us-east-1",
              "network_interface": "eni-02d49ab3690b544a8",
              "private_dns": "ip-10-0-91-229.ec2.internal",
              "private_ip": "10.0.91.229",
              "public_dns": "ec2-52-200-147-2.compute-1.amazonaws.com",
              "public_ip": "52.200.147.2",
              "public_ipv4_pool": "amazon",
              "tags": {
                "Name": "nat"
              },
              "tags_all": {
                "Name": "nat"
              },
              "timeouts": null,
              "vpc": true
            },
            "sensitive_attributes": [],
            "private": "eyJlMmJmYjczMC1lY2FhLTExZTYtOGY4OC0zNDM2M2JjN2M0YzAiOnsiZGVsZXRlIjoxODAwMDAwMDAwMDAsInJlYWQiOjkwMDAwMDAwMDAwMCwidXBkYXRlIjozMDAwMDAwMDAwMDB9fQ=="
          }
        ]
      },
      {
        "mode": "managed",
        "type": "aws_eks_cluster",
        "name": "demo",
        "provider": "provider[\"registry.terraform.io/hashicorp/aws\"]",
        "instances": [
          {
            "schema_version": 0,
            "attributes": {
              "arn": "arn:aws:eks:us-east-1:730335305826:cluster/demo",
              "certificate_authority": [
                {
                  "data": "LS0tLS1CRUdJTiBDRVJUSUZJQ0FURS0tLS0tCk1JSURCVENDQWUyZ0F3SUJBZ0lJZkR1QVNlL3kydm93RFFZSktvWklodmNOQVFFTEJRQXdGVEVUTUJFR0ExVUUKQXhNS2EzVmlaWEp1WlhSbGN6QWVGdzB5TkRBNU1qQXhPVEV4TURoYUZ3MHpOREE1TVRneE9URTJNRGhhTUJVeApFekFSQmdOVkJBTVRDbXQxWW1WeWJtVjBaWE13Z2dFaU1BMEdDU3FHU0liM0RRRUJBUVVBQTRJQkR3QXdnZ0VLCkFvSUJBUUNaSnVQaGhOZUpBd0xsMzNmY01jRW1UUHBWV3dnT3k1WUc3TzZvblJDMHJ2RTl6RHhIOWZFTjY0QW4KVXFhSlhiU2R0NnFjYjF0U0RRZEhiSDRvcjZrMmtYb0t6eVo5QzFBOStyNkswc2orSUJGVWhxUGUyQ2JONk1RRQpHNVhBa0UramVYS2VIVW02RWN0bWZTNUFMMHVES1M3cHFqNTV0K3dya05PdGZ5dEY1Y2pwYit0c0ZYUmtjOXJQCnB3Rlh4NUhZNG9ZS1J2cDRLaW9sQ1l6OGRWUGdOMlU3SHJIMnhveEVWaVNLQnNaTWhEWjlKSVA2bEdCb0hiYUsKUGIwdGxmN2JVNXViNVJ3UExkcE9UMGdQWUxsOHJMMUE4N0IxN2EvS1UyS0x5T3pic0xCOTdMTDNPRXhIUEVnSgpVS2JVNWZvSzZhZUl0TVpYMUVzc0I0TDFPeFN0QWdNQkFBR2pXVEJYTUE0R0ExVWREd0VCL3dRRUF3SUNwREFQCkJnTlZIUk1CQWY4RUJUQURBUUgvTUIwR0ExVWREZ1FXQkJUMnBnbHdTTmttVk16b21YajUzcVh3aXFvN2dUQVYKQmdOVkhSRUVEakFNZ2dwcmRXSmxjbTVsZEdWek1BMEdDU3FHU0liM0RRRUJDd1VBQTRJQkFRQlgvekoyc1hoTAp1cWdwZnQ1c3gyMENoK3B3UW1hSDJGQzVuRVpxakIrVlNXQjV3SmFINHNNTDVNaDU2aU1OL2MraDlMbTJDOHVZCjNkTTk2S3dtNTIxNDZyTVhRd015dHZUdCtYNkJlUG9VTnYzV1hBYXFiWjh4WjRrd00ySDY5Rk92RHF6REpvd2YKbUpqeER4U3ExbWR1ai9aMVhZVEFnU3hjUkpMdlp0SFVRU09yUXk2cFI1VUJmSHhBNUhqYVl1bHh4Q0FEeWhaSgprT2RMenFTeTJrYUl1MFg0c21QcjVRRFoxM1hUc3IxTjN2YWZHUzU1OFBnRE9aQnllZUl0TVhxNjRodjZCcmJECkZiR1JpOFY4cmhYYnBYZWJrR09WWU1FMlVYbXlCNWVvSE9QdEtLak9yeUFvU1M3NEl2SVRldndkZlcrSkRVREIKbCtPRXRNanIzbWkrCi0tLS0tRU5EIENFUlRJRklDQVRFLS0tLS0K"
                }
              ],
              "created_at": "2024-09-20 19:10:35.819 +0000 UTC",
              "enabled_cluster_log_types": [],
              "encryption_config": [],
              "endpoint": "https://638FB8311470B32917B7A2B8A290A8E4.yl4.us-east-1.eks.amazonaws.com",
              "id": "demo",
              "identity": [
                {
                  "oidc": [
                    {
                      "issuer": "https://oidc.eks.us-east-1.amazonaws.com/id/638FB8311470B32917B7A2B8A290A8E4"
                    }
                  ]
                }
              ],
              "kubernetes_network_config": [
                {
                  "ip_family": "ipv4",
                  "service_ipv4_cidr": "172.20.0.0/16"
                }
              ],
              "name": "demo",
              "platform_version": "eks.8",
              "role_arn": "arn:aws:iam::730335305826:role/eks-cluster-demo",
              "status": "ACTIVE",
              "tags": {},
              "tags_all": {},
              "timeouts": null,
              "version": "1.30",
              "vpc_config": [
                {
                  "cluster_security_group_id": "sg-0416e1ba95f579106",
                  "endpoint_private_access": false,
                  "endpoint_public_access": true,
                  "public_access_cidrs": [
                    "0.0.0.0/0"
                  ],
                  "security_group_ids": [],
                  "subnet_ids": [
                    "subnet-00d7da091807d83db",
                    "subnet-02f9f6598b9e84d68",
                    "subnet-06088d8958c29ad2b",
                    "subnet-0f9dcb2c90f26da9c"
                  ],
                  "vpc_id": "vpc-0bb27c941496bf2d7"
                }
              ]
            },
            "sensitive_attributes": [],
            "private": "eyJlMmJmYjczMC1lY2FhLTExZTYtOGY4OC0zNDM2M2JjN2M0YzAiOnsiY3JlYXRlIjoxODAwMDAwMDAwMDAwLCJkZWxldGUiOjkwMDAwMDAwMDAwMCwidXBkYXRlIjozNjAwMDAwMDAwMDAwfX0=",
            "dependencies": [
              "aws_iam_role.demo",
              "aws_iam_role_policy_attachment.demo-AmazonEKSClusterPolicy",
              "aws_subnet.private-us-east-1a",
              "aws_subnet.private-us-east-1b",
              "aws_subnet.public-us-east-1a",
              "aws_subnet.public-us-east-1b",
              "aws_vpc.main"
            ]
          }
        ]
      },
      {
        "mode": "managed",
        "type": "aws_eks_node_group",
        "name": "private-nodes",
        "provider": "provider[\"registry.terraform.io/hashicorp/aws\"]",
        "instances": [
          {
            "schema_version": 0,
            "attributes": {
              "ami_type": "AL2023_x86_64_STANDARD",
              "arn": "arn:aws:eks:us-east-1:730335305826:nodegroup/demo/private-nodes/b4c90881-c14c-5b3b-b40b-4f4387901360",
              "capacity_type": "ON_DEMAND",
              "cluster_name": "demo",
              "disk_size": 20,
              "force_update_version": null,
              "id": "demo:private-nodes",
              "instance_types": [
                "t3.small"
              ],
              "labels": {
                "role": "general"
              },
              "launch_template": [],
              "node_group_name": "private-nodes",
              "node_group_name_prefix": "",
              "node_role_arn": "arn:aws:iam::730335305826:role/eks-node-group-nodes",
              "release_version": "1.30.4-20240917",
              "remote_access": [],
              "resources": [
                {
                  "autoscaling_groups": [
                    {
                      "name": "eks-private-nodes-b4c90881-c14c-5b3b-b40b-4f4387901360"
                    }
                  ],
                  "remote_access_security_group_id": ""
                }
              ],
              "scaling_config": [
                {
                  "desired_size": 1,
                  "max_size": 5,
                  "min_size": 0
                }
              ],
              "status": "ACTIVE",
              "subnet_ids": [
                "subnet-02f9f6598b9e84d68",
                "subnet-06088d8958c29ad2b"
              ],
              "tags": {},
              "tags_all": {},
              "taint": [],
              "timeouts": null,
              "update_config": [
                {
                  "max_unavailable": 1,
                  "max_unavailable_percentage": 0
                }
              ],
              "version": "1.30"
            },
            "sensitive_attributes": [],
            "private": "eyJlMmJmYjczMC1lY2FhLTExZTYtOGY4OC0zNDM2M2JjN2M0YzAiOnsiY3JlYXRlIjozNjAwMDAwMDAwMDAwLCJkZWxldGUiOjM2MDAwMDAwMDAwMDAsInVwZGF0ZSI6MzYwMDAwMDAwMDAwMH19",
            "dependencies": [
              "aws_eks_cluster.demo",
              "aws_iam_role.demo",
              "aws_iam_role.nodes",
              "aws_iam_role_policy_attachment.demo-AmazonEKSClusterPolicy",
              "aws_iam_role_policy_attachment.nodes-AmazonEC2ContainerRegistryReadOnly",
              "aws_iam_role_policy_attachment.nodes-AmazonEKSWorkerNodePolicy",
              "aws_iam_role_policy_attachment.nodes-AmazonEKS_CNI_Policy",
              "aws_subnet.private-us-east-1a",
              "aws_subnet.private-us-east-1b",
              "aws_subnet.public-us-east-1a",
              "aws_subnet.public-us-east-1b",
              "aws_vpc.main"
            ]
          }
        ]
      },
      {
        "mode": "managed",
        "type": "aws_iam_openid_connect_provider",
        "name": "eks",
        "provider": "provider[\"registry.terraform.io/hashicorp/aws\"]",
        "instances": [
          {
            "schema_version": 0,
            "attributes": {
              "arn": "arn:aws:iam::730335305826:oidc-provider/oidc.eks.us-east-1.amazonaws.com/id/638FB8311470B32917B7A2B8A290A8E4",
              "client_id_list": [
                "sts.amazonaws.com"
              ],
              "id": "arn:aws:iam::730335305826:oidc-provider/oidc.eks.us-east-1.amazonaws.com/id/638FB8311470B32917B7A2B8A290A8E4",
              "tags": {},
              "tags_all": {},
              "thumbprint_list": [
                "9e99a48a9960b14926bb7f3b02e22da2b0ab7280"
              ],
              "url": "oidc.eks.us-east-1.amazonaws.com/id/638FB8311470B32917B7A2B8A290A8E4"
            },
            "sensitive_attributes": [],
            "private": "bnVsbA==",
            "dependencies": [
              "aws_eks_cluster.demo",
              "aws_iam_role.demo",
              "aws_iam_role_policy_attachment.demo-AmazonEKSClusterPolicy",
              "aws_subnet.private-us-east-1a",
              "aws_subnet.private-us-east-1b",
              "aws_subnet.public-us-east-1a",
              "aws_subnet.public-us-east-1b",
              "aws_vpc.main",
              "data.tls_certificate.eks"
            ]
          }
        ]
      },
      {
        "mode": "managed",
        "type": "aws_iam_policy",
        "name": "eks_cluster_autoscaler",
        "provider": "provider[\"registry.terraform.io/hashicorp/aws\"]",
        "instances": [
          {
            "schema_version": 0,
            "attributes": {
              "arn": "arn:aws:iam::730335305826:policy/eks-cluster-autoscaler",
              "description": "",
              "id": "arn:aws:iam::730335305826:policy/eks-cluster-autoscaler",
              "name": "eks-cluster-autoscaler",
              "name_prefix": null,
              "path": "/",
              "policy": "{\"Statement\":[{\"Action\":[\"autoscaling:DescribeAutoScalingGroups\",\"autoscaling:DescribeAutoScalingInstances\",\"autoscaling:DescribeLaunchConfigurations\",\"autoscaling:DescribeTags\",\"autoscaling:SetDesiredCapacity\",\"autoscaling:TerminateInstanceInAutoScalingGroup\",\"ec2:DescribeLaunchTemplateVersions\"],\"Effect\":\"Allow\",\"Resource\":\"*\"}],\"Version\":\"2012-10-17\"}",
              "policy_id": "ANPA2UC3AMBRNVVJ5C6GX",
              "tags": null,
              "tags_all": {}
            },
            "sensitive_attributes": [],
            "private": "bnVsbA=="
          }
        ]
      },
      {
        "mode": "managed",
        "type": "aws_iam_policy",
        "name": "test-policy",
        "provider": "provider[\"registry.terraform.io/hashicorp/aws\"]",
        "instances": [
          {
            "schema_version": 0,
            "attributes": {
              "arn": "arn:aws:iam::730335305826:policy/test-policy",
              "description": "",
              "id": "arn:aws:iam::730335305826:policy/test-policy",
              "name": "test-policy",
              "name_prefix": null,
              "path": "/",
              "policy": "{\"Statement\":[{\"Action\":[\"s3:ListAllMyBuckets\",\"s3:GetBucketLocation\"],\"Effect\":\"Allow\",\"Resource\":\"arn:aws:s3:::*\"}],\"Version\":\"2012-10-17\"}",
              "policy_id": "ANPA2UC3AMBRG6DK2KC5A",
              "tags": {},
              "tags_all": {}
            },
            "sensitive_attributes": [],
            "private": "bnVsbA=="
          }
        ]
      },
      {
        "mode": "managed",
        "type": "aws_iam_role",
        "name": "demo",
        "provider": "provider[\"registry.terraform.io/hashicorp/aws\"]",
        "instances": [
          {
            "schema_version": 0,
            "attributes": {
              "arn": "arn:aws:iam::730335305826:role/eks-cluster-demo",
              "assume_role_policy": "{\"Version\":\"2012-10-17\",\"Statement\":[{\"Effect\":\"Allow\",\"Principal\":{\"Service\":\"eks.amazonaws.com\"},\"Action\":\"sts:AssumeRole\"}]}",
              "create_date": "2024-09-20T18:57:54Z",
              "description": "",
              "force_detach_policies": false,
              "id": "eks-cluster-demo",
              "inline_policy": [
                {
                  "name": "",
                  "policy": ""
                }
              ],
              "managed_policy_arns": [
                "arn:aws:iam::aws:policy/AmazonEKSClusterPolicy"
              ],
              "max_session_duration": 3600,
              "name": "eks-cluster-demo",
              "name_prefix": "",
              "path": "/",
              "permissions_boundary": null,
              "tags": {},
              "tags_all": {},
              "unique_id": "AROA2UC3AMBRDTZKJ3CGF"
            },
            "sensitive_attributes": [],
            "private": "bnVsbA=="
          }
        ]
      },
      {
        "mode": "managed",
        "type": "aws_iam_role",
        "name": "eks_cluster_autoscaler",
        "provider": "provider[\"registry.terraform.io/hashicorp/aws\"]",
        "instances": [
          {
            "schema_version": 0,
            "attributes": {
              "arn": "arn:aws:iam::730335305826:role/eks-cluster-autoscaler",
              "assume_role_policy": "{\"Version\":\"2012-10-17\",\"Statement\":[{\"Sid\":\"\",\"Effect\":\"Allow\",\"Principal\":{\"Federated\":\"arn:aws:iam::730335305826:oidc-provider/oidc.eks.us-east-1.amazonaws.com/id/638FB8311470B32917B7A2B8A290A8E4\"},\"Action\":\"sts:AssumeRoleWithWebIdentity\",\"Condition\":{\"StringEquals\":{\"oidc.eks.us-east-1.amazonaws.com/id/638FB8311470B32917B7A2B8A290A8E4:sub\":\"system:serviceaccount:kube-system:cluster-autoscaler\"}}}]}",
              "create_date": "2024-09-21T03:33:44Z",
              "description": "",
              "force_detach_policies": false,
              "id": "eks-cluster-autoscaler",
              "inline_policy": [
                {
                  "name": "",
                  "policy": ""
                }
              ],
              "managed_policy_arns": [],
              "max_session_duration": 3600,
              "name": "eks-cluster-autoscaler",
              "name_prefix": "",
              "path": "/",
              "permissions_boundary": null,
              "tags": null,
              "tags_all": {},
              "unique_id": "AROA2UC3AMBRN7EOQHECC"
            },
            "sensitive_attributes": [],
            "private": "bnVsbA==",
            "dependencies": [
              "aws_eks_cluster.demo",
              "aws_iam_openid_connect_provider.eks",
              "aws_iam_role.demo",
              "aws_iam_role_policy_attachment.demo-AmazonEKSClusterPolicy",
              "aws_subnet.private-us-east-1a",
              "aws_subnet.private-us-east-1b",
              "aws_subnet.public-us-east-1a",
              "aws_subnet.public-us-east-1b",
              "aws_vpc.main",
              "data.aws_iam_policy_document.eks_cluster_autoscaler_assume_role_policy",
              "data.tls_certificate.eks"
            ]
          }
        ]
      },
      {
        "mode": "managed",
        "type": "aws_iam_role",
        "name": "nodes",
        "provider": "provider[\"registry.terraform.io/hashicorp/aws\"]",
        "instances": [
          {
            "schema_version": 0,
            "attributes": {
              "arn": "arn:aws:iam::730335305826:role/eks-node-group-nodes",
              "assume_role_policy": "{\"Version\":\"2012-10-17\",\"Statement\":[{\"Effect\":\"Allow\",\"Principal\":{\"Service\":\"ec2.amazonaws.com\"},\"Action\":\"sts:AssumeRole\"}]}",
              "create_date": "2024-09-20T19:43:20Z",
              "description": "",
              "force_detach_policies": false,
              "id": "eks-node-group-nodes",
              "inline_policy": [
                {
                  "name": "",
                  "policy": ""
                }
              ],
              "managed_policy_arns": [
                "arn:aws:iam::aws:policy/AmazonEC2ContainerRegistryReadOnly",
                "arn:aws:iam::aws:policy/AmazonEKSWorkerNodePolicy",
                "arn:aws:iam::aws:policy/AmazonEKS_CNI_Policy"
              ],
              "max_session_duration": 3600,
              "name": "eks-node-group-nodes",
              "name_prefix": "",
              "path": "/",
              "permissions_boundary": null,
              "tags": {},
              "tags_all": {},
              "unique_id": "AROA2UC3AMBRIPDTR3XN6"
            },
            "sensitive_attributes": [],
            "private": "bnVsbA=="
          }
        ]
      },
      {
        "mode": "managed",
        "type": "aws_iam_role",
        "name": "test_oidc",
        "provider": "provider[\"registry.terraform.io/hashicorp/aws\"]",
        "instances": [
          {
            "schema_version": 0,
            "attributes": {
              "arn": "arn:aws:iam::730335305826:role/test-oidc",
              "assume_role_policy": "{\"Version\":\"2012-10-17\",\"Statement\":[{\"Sid\":\"\",\"Effect\":\"Allow\",\"Principal\":{\"Federated\":\"arn:aws:iam::730335305826:oidc-provider/oidc.eks.us-east-1.amazonaws.com/id/638FB8311470B32917B7A2B8A290A8E4\"},\"Action\":\"sts:AssumeRoleWithWebIdentity\",\"Condition\":{\"StringEquals\":{\"oidc.eks.us-east-1.amazonaws.com/id/638FB8311470B32917B7A2B8A290A8E4:sub\":\"system:serviceaccount:default:aws-test\"}}}]}",
              "create_date": "2024-09-20T19:19:34Z",
              "description": "",
              "force_detach_policies": false,
              "id": "test-oidc",
              "inline_policy": [
                {
                  "name": "",
                  "policy": ""
                }
              ],
              "managed_policy_arns": [
                "arn:aws:iam::730335305826:policy/test-policy"
              ],
              "max_session_duration": 3600,
              "name": "test-oidc",
              "name_prefix": "",
              "path": "/",
              "permissions_boundary": null,
              "tags": {},
              "tags_all": {},
              "unique_id": "AROA2UC3AMBROO2VRYQKC"
            },
            "sensitive_attributes": [],
            "private": "bnVsbA==",
            "dependencies": [
              "aws_eks_cluster.demo",
              "aws_iam_openid_connect_provider.eks",
              "aws_iam_role.demo",
              "aws_iam_role_policy_attachment.demo-AmazonEKSClusterPolicy",
              "aws_subnet.private-us-east-1a",
              "aws_subnet.private-us-east-1b",
              "aws_subnet.public-us-east-1a",
              "aws_subnet.public-us-east-1b",
              "aws_vpc.main",
              "data.aws_iam_policy_document.test_oidc_assume_role_policy",
              "data.tls_certificate.eks"
            ]
          }
        ]
      },
      {
        "mode": "managed",
        "type": "aws_iam_role_policy_attachment",
        "name": "demo-AmazonEKSClusterPolicy",
        "provider": "provider[\"registry.terraform.io/hashicorp/aws\"]",
        "instances": [
          {
            "schema_version": 0,
            "attributes": {
              "id": "eks-cluster-demo-20240920185809389700000001",
              "policy_arn": "arn:aws:iam::aws:policy/AmazonEKSClusterPolicy",
              "role": "eks-cluster-demo"
            },
            "sensitive_attributes": [],
            "private": "bnVsbA==",
            "dependencies": [
              "aws_iam_role.demo"
            ]
          }
        ]
      },
      {
        "mode": "managed",
        "type": "aws_iam_role_policy_attachment",
        "name": "eks_cluster_autoscaler_attach",
        "provider": "provider[\"registry.terraform.io/hashicorp/aws\"]",
        "instances": [
          {
            "schema_version": 0,
            "attributes": {
              "id": "eks-cluster-autoscaler-20240921033347274500000001",
              "policy_arn": "arn:aws:iam::730335305826:policy/eks-cluster-autoscaler",
              "role": "eks-cluster-autoscaler"
            },
            "sensitive_attributes": [],
            "private": "bnVsbA==",
            "dependencies": [
              "aws_eks_cluster.demo",
              "aws_iam_openid_connect_provider.eks",
              "aws_iam_policy.eks_cluster_autoscaler",
              "aws_iam_role.demo",
              "aws_iam_role.eks_cluster_autoscaler",
              "aws_iam_role_policy_attachment.demo-AmazonEKSClusterPolicy",
              "aws_subnet.private-us-east-1a",
              "aws_subnet.private-us-east-1b",
              "aws_subnet.public-us-east-1a",
              "aws_subnet.public-us-east-1b",
              "aws_vpc.main",
              "data.aws_iam_policy_document.eks_cluster_autoscaler_assume_role_policy",
              "data.tls_certificate.eks"
            ]
          }
        ]
      },
      {
        "mode": "managed",
        "type": "aws_iam_role_policy_attachment",
        "name": "nodes-AmazonEC2ContainerRegistryReadOnly",
        "provider": "provider[\"registry.terraform.io/hashicorp/aws\"]",
        "instances": [
          {
            "schema_version": 0,
            "attributes": {
              "id": "eks-node-group-nodes-20240920194353067500000003",
              "policy_arn": "arn:aws:iam::aws:policy/AmazonEC2ContainerRegistryReadOnly",
              "role": "eks-node-group-nodes"
            },
            "sensitive_attributes": [],
            "private": "bnVsbA==",
            "dependencies": [
              "aws_iam_role.nodes"
            ]
          }
        ]
      },
      {
        "mode": "managed",
        "type": "aws_iam_role_policy_attachment",
        "name": "nodes-AmazonEKSWorkerNodePolicy",
        "provider": "provider[\"registry.terraform.io/hashicorp/aws\"]",
        "instances": [
          {
            "schema_version": 0,
            "attributes": {
              "id": "eks-node-group-nodes-20240920194345986400000001",
              "policy_arn": "arn:aws:iam::aws:policy/AmazonEKSWorkerNodePolicy",
              "role": "eks-node-group-nodes"
            },
            "sensitive_attributes": [],
            "private": "bnVsbA==",
            "dependencies": [
              "aws_iam_role.nodes"
            ]
          }
        ]
      },
      {
        "mode": "managed",
        "type": "aws_iam_role_policy_attachment",
        "name": "nodes-AmazonEKS_CNI_Policy",
        "provider": "provider[\"registry.terraform.io/hashicorp/aws\"]",
        "instances": [
          {
            "schema_version": 0,
            "attributes": {
              "id": "eks-node-group-nodes-20240920194350143800000002",
              "policy_arn": "arn:aws:iam::aws:policy/AmazonEKS_CNI_Policy",
              "role": "eks-node-group-nodes"
            },
            "sensitive_attributes": [],
            "private": "bnVsbA==",
            "dependencies": [
              "aws_iam_role.nodes"
            ]
          }
        ]
      },
      {
        "mode": "managed",
        "type": "aws_iam_role_policy_attachment",
        "name": "test_attach",
        "provider": "provider[\"registry.terraform.io/hashicorp/aws\"]",
        "instances": [
          {
            "schema_version": 0,
            "attributes": {
              "id": "test-oidc-20240920191956258000000002",
              "policy_arn": "arn:aws:iam::730335305826:policy/test-policy",
              "role": "test-oidc"
            },
            "sensitive_attributes": [],
            "private": "bnVsbA==",
            "dependencies": [
              "aws_eks_cluster.demo",
              "aws_iam_openid_connect_provider.eks",
              "aws_iam_policy.test-policy",
              "aws_iam_role.demo",
              "aws_iam_role.test_oidc",
              "aws_iam_role_policy_attachment.demo-AmazonEKSClusterPolicy",
              "aws_subnet.private-us-east-1a",
              "aws_subnet.private-us-east-1b",
              "aws_subnet.public-us-east-1a",
              "aws_subnet.public-us-east-1b",
              "aws_vpc.main",
              "data.aws_iam_policy_document.test_oidc_assume_role_policy",
              "data.tls_certificate.eks"
            ]
          }
        ]
      },
      {
        "mode": "managed",
        "type": "aws_internet_gateway",
        "name": "igw",
        "provider": "provider[\"registry.terraform.io/hashicorp/aws\"]",
        "instances": [
          {
            "schema_version": 0,
            "attributes": {
              "arn": "arn:aws:ec2:us-east-1:730335305826:internet-gateway/igw-0034d53b0439eeec7",
              "id": "igw-0034d53b0439eeec7",
              "owner_id": "730335305826",
              "tags": {
                "Name": "igw"
              },
              "tags_all": {
                "Name": "igw"
              },
              "vpc_id": "vpc-0bb27c941496bf2d7"
            },
            "sensitive_attributes": [],
            "private": "bnVsbA==",
            "dependencies": [
              "aws_vpc.main"
            ]
          }
        ]
      },
      {
        "mode": "managed",
        "type": "aws_nat_gateway",
        "name": "nat",
        "provider": "provider[\"registry.terraform.io/hashicorp/aws\"]",
        "instances": [
          {
            "schema_version": 0,
            "attributes": {
              "allocation_id": "eipalloc-036b8dfadc171df1f",
              "connectivity_type": "public",
              "id": "nat-02be024cdcef8426b",
              "network_interface_id": "eni-02d49ab3690b544a8",
              "private_ip": "10.0.91.229",
              "public_ip": "52.200.147.2",
              "subnet_id": "subnet-00d7da091807d83db",
              "tags": {
                "Name": "nat"
              },
              "tags_all": {
                "Name": "nat"
              }
            },
            "sensitive_attributes": [],
            "private": "bnVsbA==",
            "dependencies": [
              "aws_eip.nat",
              "aws_internet_gateway.igw",
              "aws_subnet.public-us-east-1a",
              "aws_vpc.main"
            ]
          }
        ]
      },
      {
        "mode": "managed",
        "type": "aws_route_table",
        "name": "private",
        "provider": "provider[\"registry.terraform.io/hashicorp/aws\"]",
        "instances": [
          {
            "schema_version": 0,
            "attributes": {
              "arn": "arn:aws:ec2:us-east-1:730335305826:route-table/rtb-02afcd5ef4ed6befd",
              "id": "rtb-02afcd5ef4ed6befd",
              "owner_id": "730335305826",
              "propagating_vgws": [],
              "route": [
                {
                  "carrier_gateway_id": "",
                  "cidr_block": "0.0.0.0/0",
                  "destination_prefix_list_id": "",
                  "egress_only_gateway_id": "",
                  "gateway_id": "",
                  "instance_id": "",
                  "ipv6_cidr_block": "",
                  "local_gateway_id": "",
                  "nat_gateway_id": "nat-02be024cdcef8426b",
                  "network_interface_id": "",
                  "transit_gateway_id": "",
                  "vpc_endpoint_id": "",
                  "vpc_peering_connection_id": ""
                }
              ],
              "tags": {
                "Name": "private"
              },
              "tags_all": {
                "Name": "private"
              },
              "timeouts": null,
              "vpc_id": "vpc-0bb27c941496bf2d7"
            },
            "sensitive_attributes": [],
            "private": "eyJlMmJmYjczMC1lY2FhLTExZTYtOGY4OC0zNDM2M2JjN2M0YzAiOnsiY3JlYXRlIjozMDAwMDAwMDAwMDAsImRlbGV0ZSI6MzAwMDAwMDAwMDAwLCJ1cGRhdGUiOjEyMDAwMDAwMDAwMH19",
            "dependencies": [
              "aws_eip.nat",
              "aws_internet_gateway.igw",
              "aws_nat_gateway.nat",
              "aws_subnet.public-us-east-1a",
              "aws_vpc.main"
            ]
          }
        ]
      },
      {
        "mode": "managed",
        "type": "aws_route_table",
        "name": "public",
        "provider": "provider[\"registry.terraform.io/hashicorp/aws\"]",
        "instances": [
          {
            "schema_version": 0,
            "attributes": {
              "arn": "arn:aws:ec2:us-east-1:730335305826:route-table/rtb-00433554210155416",
              "id": "rtb-00433554210155416",
              "owner_id": "730335305826",
              "propagating_vgws": [],
              "route": [
                {
                  "carrier_gateway_id": "",
                  "cidr_block": "0.0.0.0/0",
                  "destination_prefix_list_id": "",
                  "egress_only_gateway_id": "",
                  "gateway_id": "igw-0034d53b0439eeec7",
                  "instance_id": "",
                  "ipv6_cidr_block": "",
                  "local_gateway_id": "",
                  "nat_gateway_id": "",
                  "network_interface_id": "",
                  "transit_gateway_id": "",
                  "vpc_endpoint_id": "",
                  "vpc_peering_connection_id": ""
                }
              ],
              "tags": {
                "Name": "public"
              },
              "tags_all": {
                "Name": "public"
              },
              "timeouts": null,
              "vpc_id": "vpc-0bb27c941496bf2d7"
            },
            "sensitive_attributes": [],
            "private": "eyJlMmJmYjczMC1lY2FhLTExZTYtOGY4OC0zNDM2M2JjN2M0YzAiOnsiY3JlYXRlIjozMDAwMDAwMDAwMDAsImRlbGV0ZSI6MzAwMDAwMDAwMDAwLCJ1cGRhdGUiOjEyMDAwMDAwMDAwMH19",
            "dependencies": [
              "aws_internet_gateway.igw",
              "aws_vpc.main"
            ]
          }
        ]
      },
      {
        "mode": "managed",
        "type": "aws_route_table_association",
        "name": "private-us-east-1a",
        "provider": "provider[\"registry.terraform.io/hashicorp/aws\"]",
        "instances": [
          {
            "schema_version": 0,
            "attributes": {
              "gateway_id": "",
              "id": "rtbassoc-09c4ce5e8931de274",
              "route_table_id": "rtb-02afcd5ef4ed6befd",
              "subnet_id": "subnet-06088d8958c29ad2b"
            },
            "sensitive_attributes": [],
            "private": "bnVsbA==",
            "dependencies": [
              "aws_eip.nat",
              "aws_internet_gateway.igw",
              "aws_nat_gateway.nat",
              "aws_route_table.private",
              "aws_subnet.private-us-east-1a",
              "aws_subnet.public-us-east-1a",
              "aws_vpc.main"
            ]
          }
        ]
      },
      {
        "mode": "managed",
        "type": "aws_route_table_association",
        "name": "private-us-east-1b",
        "provider": "provider[\"registry.terraform.io/hashicorp/aws\"]",
        "instances": [
          {
            "schema_version": 0,
            "attributes": {
              "gateway_id": "",
              "id": "rtbassoc-0a9e4852d9675590e",
              "route_table_id": "rtb-02afcd5ef4ed6befd",
              "subnet_id": "subnet-02f9f6598b9e84d68"
            },
            "sensitive_attributes": [],
            "private": "bnVsbA==",
            "dependencies": [
              "aws_eip.nat",
              "aws_internet_gateway.igw",
              "aws_nat_gateway.nat",
              "aws_route_table.private",
              "aws_subnet.private-us-east-1b",
              "aws_subnet.public-us-east-1a",
              "aws_vpc.main"
            ]
          }
        ]
      },
      {
        "mode": "managed",
        "type": "aws_route_table_association",
        "name": "public-us-east-1a",
        "provider": "provider[\"registry.terraform.io/hashicorp/aws\"]",
        "instances": [
          {
            "schema_version": 0,
            "attributes": {
              "gateway_id": "",
              "id": "rtbassoc-0b706e061b94d8181",
              "route_table_id": "rtb-00433554210155416",
              "subnet_id": "subnet-00d7da091807d83db"
            },
            "sensitive_attributes": [],
            "private": "bnVsbA==",
            "dependencies": [
              "aws_internet_gateway.igw",
              "aws_route_table.public",
              "aws_subnet.public-us-east-1a",
              "aws_vpc.main"
            ]
          }
        ]
      },
      {
        "mode": "managed",
        "type": "aws_route_table_association",
        "name": "public-us-east-1b",
        "provider": "provider[\"registry.terraform.io/hashicorp/aws\"]",
        "instances": [
          {
            "schema_version": 0,
            "attributes": {
              "gateway_id": "",
              "id": "rtbassoc-0aa0f1848fdd5d3f8",
              "route_table_id": "rtb-00433554210155416",
              "subnet_id": "subnet-0f9dcb2c90f26da9c"
            },
            "sensitive_attributes": [],
            "private": "bnVsbA==",
            "dependencies": [
              "aws_internet_gateway.igw",
              "aws_route_table.public",
              "aws_subnet.public-us-east-1b",
              "aws_vpc.main"
            ]
          }
        ]
      },
      {
        "mode": "managed",
        "type": "aws_subnet",
        "name": "private-us-east-1a",
        "provider": "provider[\"registry.terraform.io/hashicorp/aws\"]",
        "instances": [
          {
            "schema_version": 1,
            "attributes": {
              "arn": "arn:aws:ec2:us-east-1:730335305826:subnet/subnet-06088d8958c29ad2b",
              "assign_ipv6_address_on_creation": false,
              "availability_zone": "us-east-1a",
              "availability_zone_id": "use1-az6",
              "cidr_block": "10.0.0.0/19",
              "customer_owned_ipv4_pool": "",
              "enable_dns64": false,
              "enable_resource_name_dns_a_record_on_launch": false,
              "enable_resource_name_dns_aaaa_record_on_launch": false,
              "id": "subnet-06088d8958c29ad2b",
              "ipv6_cidr_block": "",
              "ipv6_cidr_block_association_id": "",
              "ipv6_native": false,
              "map_customer_owned_ip_on_launch": false,
              "map_public_ip_on_launch": false,
              "outpost_arn": "",
              "owner_id": "730335305826",
              "private_dns_hostname_type_on_launch": "ip-name",
              "tags": {
                "Name": "private-us-east-1a",
                "kubernetes.io/cluster/demo": "owned",
                "kubernetes.io/role/internal-elb": "1"
              },
              "tags_all": {
                "Name": "private-us-east-1a",
                "kubernetes.io/cluster/demo": "owned",
                "kubernetes.io/role/internal-elb": "1"
              },
              "timeouts": null,
              "vpc_id": "vpc-0bb27c941496bf2d7"
            },
            "sensitive_attributes": [],
            "private": "eyJlMmJmYjczMC1lY2FhLTExZTYtOGY4OC0zNDM2M2JjN2M0YzAiOnsiY3JlYXRlIjo2MDAwMDAwMDAwMDAsImRlbGV0ZSI6MTIwMDAwMDAwMDAwMH0sInNjaGVtYV92ZXJzaW9uIjoiMSJ9",
            "dependencies": [
              "aws_vpc.main"
            ]
          }
        ]
      },
      {
        "mode": "managed",
        "type": "aws_subnet",
        "name": "private-us-east-1b",
        "provider": "provider[\"registry.terraform.io/hashicorp/aws\"]",
        "instances": [
          {
            "schema_version": 1,
            "attributes": {
              "arn": "arn:aws:ec2:us-east-1:730335305826:subnet/subnet-02f9f6598b9e84d68",
              "assign_ipv6_address_on_creation": false,
              "availability_zone": "us-east-1b",
              "availability_zone_id": "use1-az1",
              "cidr_block": "10.0.32.0/19",
              "customer_owned_ipv4_pool": "",
              "enable_dns64": false,
              "enable_resource_name_dns_a_record_on_launch": false,
              "enable_resource_name_dns_aaaa_record_on_launch": false,
              "id": "subnet-02f9f6598b9e84d68",
              "ipv6_cidr_block": "",
              "ipv6_cidr_block_association_id": "",
              "ipv6_native": false,
              "map_customer_owned_ip_on_launch": false,
              "map_public_ip_on_launch": false,
              "outpost_arn": "",
              "owner_id": "730335305826",
              "private_dns_hostname_type_on_launch": "ip-name",
              "tags": {
                "Name": "private-us-east-1b",
                "kubernetes.io/cluster/demo": "owned",
                "kubernetes.io/role/internal-elb": "1"
              },
              "tags_all": {
                "Name": "private-us-east-1b",
                "kubernetes.io/cluster/demo": "owned",
                "kubernetes.io/role/internal-elb": "1"
              },
              "timeouts": null,
              "vpc_id": "vpc-0bb27c941496bf2d7"
            },
            "sensitive_attributes": [],
            "private": "eyJlMmJmYjczMC1lY2FhLTExZTYtOGY4OC0zNDM2M2JjN2M0YzAiOnsiY3JlYXRlIjo2MDAwMDAwMDAwMDAsImRlbGV0ZSI6MTIwMDAwMDAwMDAwMH0sInNjaGVtYV92ZXJzaW9uIjoiMSJ9",
            "dependencies": [
              "aws_vpc.main"
            ]
          }
        ]
      },
      {
        "mode": "managed",
        "type": "aws_subnet",
        "name": "public-us-east-1a",
        "provider": "provider[\"registry.terraform.io/hashicorp/aws\"]",
        "instances": [
          {
            "schema_version": 1,
            "attributes": {
              "arn": "arn:aws:ec2:us-east-1:730335305826:subnet/subnet-00d7da091807d83db",
              "assign_ipv6_address_on_creation": false,
              "availability_zone": "us-east-1a",
              "availability_zone_id": "use1-az6",
              "cidr_block": "10.0.64.0/19",
              "customer_owned_ipv4_pool": "",
              "enable_dns64": false,
              "enable_resource_name_dns_a_record_on_launch": false,
              "enable_resource_name_dns_aaaa_record_on_launch": false,
              "id": "subnet-00d7da091807d83db",
              "ipv6_cidr_block": "",
              "ipv6_cidr_block_association_id": "",
              "ipv6_native": false,
              "map_customer_owned_ip_on_launch": false,
              "map_public_ip_on_launch": true,
              "outpost_arn": "",
              "owner_id": "730335305826",
              "private_dns_hostname_type_on_launch": "ip-name",
              "tags": {
                "Name": "public-us-east-1a",
                "kubernetes.io/cluster/demo": "owned",
                "kubernetes.io/role/internal-elb": "1"
              },
              "tags_all": {
                "Name": "public-us-east-1a",
                "kubernetes.io/cluster/demo": "owned",
                "kubernetes.io/role/internal-elb": "1"
              },
              "timeouts": null,
              "vpc_id": "vpc-0bb27c941496bf2d7"
            },
            "sensitive_attributes": [],
            "private": "eyJlMmJmYjczMC1lY2FhLTExZTYtOGY4OC0zNDM2M2JjN2M0YzAiOnsiY3JlYXRlIjo2MDAwMDAwMDAwMDAsImRlbGV0ZSI6MTIwMDAwMDAwMDAwMH0sInNjaGVtYV92ZXJzaW9uIjoiMSJ9",
            "dependencies": [
              "aws_vpc.main"
            ]
          }
        ]
      },
      {
        "mode": "managed",
        "type": "aws_subnet",
        "name": "public-us-east-1b",
        "provider": "provider[\"registry.terraform.io/hashicorp/aws\"]",
        "instances": [
          {
            "schema_version": 1,
            "attributes": {
              "arn": "arn:aws:ec2:us-east-1:730335305826:subnet/subnet-0f9dcb2c90f26da9c",
              "assign_ipv6_address_on_creation": false,
              "availability_zone": "us-east-1b",
              "availability_zone_id": "use1-az1",
              "cidr_block": "10.0.96.0/19",
              "customer_owned_ipv4_pool": "",
              "enable_dns64": false,
              "enable_resource_name_dns_a_record_on_launch": false,
              "enable_resource_name_dns_aaaa_record_on_launch": false,
              "id": "subnet-0f9dcb2c90f26da9c",
              "ipv6_cidr_block": "",
              "ipv6_cidr_block_association_id": "",
              "ipv6_native": false,
              "map_customer_owned_ip_on_launch": false,
              "map_public_ip_on_launch": true,
              "outpost_arn": "",
              "owner_id": "730335305826",
              "private_dns_hostname_type_on_launch": "ip-name",
              "tags": {
                "Name": "public-us-east-1b",
                "kubernetes.io/cluster/demo": "owned",
                "kubernetes.io/role/internal-elb": "1"
              },
              "tags_all": {
                "Name": "public-us-east-1b",
                "kubernetes.io/cluster/demo": "owned",
                "kubernetes.io/role/internal-elb": "1"
              },
              "timeouts": null,
              "vpc_id": "vpc-0bb27c941496bf2d7"
            },
            "sensitive_attributes": [],
            "private": "eyJlMmJmYjczMC1lY2FhLTExZTYtOGY4OC0zNDM2M2JjN2M0YzAiOnsiY3JlYXRlIjo2MDAwMDAwMDAwMDAsImRlbGV0ZSI6MTIwMDAwMDAwMDAwMH0sInNjaGVtYV92ZXJzaW9uIjoiMSJ9",
            "dependencies": [
              "aws_vpc.main"
            ]
          }
        ]
      },
      {
        "mode": "managed",
        "type": "aws_vpc",
        "name": "main",
        "provider": "provider[\"registry.terraform.io/hashicorp/aws\"]",
        "instances": [
          {
            "schema_version": 1,
            "attributes": {
              "arn": "arn:aws:ec2:us-east-1:730335305826:vpc/vpc-0bb27c941496bf2d7",
              "assign_generated_ipv6_cidr_block": false,
              "cidr_block": "10.0.0.0/16",
              "default_network_acl_id": "acl-0b370a42d52d90c90",
              "default_route_table_id": "rtb-00c017dcc1cf119a6",
              "default_security_group_id": "sg-010a4c146a9869abb",
              "dhcp_options_id": "dopt-014589a8abdffb14e",
              "enable_classiclink": false,
              "enable_classiclink_dns_support": false,
              "enable_dns_hostnames": false,
              "enable_dns_support": true,
              "id": "vpc-0bb27c941496bf2d7",
              "instance_tenancy": "default",
              "ipv4_ipam_pool_id": null,
              "ipv4_netmask_length": null,
              "ipv6_association_id": "",
              "ipv6_cidr_block": "",
              "ipv6_cidr_block_network_border_group": "",
              "ipv6_ipam_pool_id": "",
              "ipv6_netmask_length": 0,
              "main_route_table_id": "rtb-00c017dcc1cf119a6",
              "owner_id": "730335305826",
              "tags": {
                "Name": "main"
              },
              "tags_all": {
                "Name": "main"
              }
            },
            "sensitive_attributes": [],
            "private": "eyJzY2hlbWFfdmVyc2lvbiI6IjEifQ=="
          }
        ]
      }
    ],
    "check_results": null
  }
  